
Microsoft Visual Studio Solution File, Format Version 12.00
# Visual Studio Version 17
VisualStudioVersion = 17.1.32319.34
MinimumVisualStudioVersion = 10.0.40219.1
Project("{FAE04EC0-301F-11D3-BF4B-00C04F79EFBC}") = "ComicsTracker", "ComicsTracker\ComicsTracker.csproj", "{EA6DE860-2203-4A44-A555-67D1F58171E0}"
EndProject
Global
	GlobalSection(SolutionConfigurationPlatforms) = preSolution
		Debug|Any CPU = Debug|Any CPU
		Release|Any CPU = Release|Any CPU
	EndGlobalSection
	GlobalSection(ProjectConfigurationPlatforms) = postSolution
		{EA6DE860-2203-4A44-A555-67D1F58171E0}.Debug|Any CPU.ActiveCfg = Debug|Any CPU
		{EA6DE860-2203-4A44-A555-67D1F58171E0}.Debug|Any CPU.Build.0 = Debug|Any CPU
		{EA6DE860-2203-4A44-A555-67D1F58171E0}.Release|Any CPU.ActiveCfg = Release|Any CPU
		{EA6DE860-2203-4A44-A555-67D1F58171E0}.Release|Any CPU.Build.0 = Release|Any CPU
	EndGlobalSection
	GlobalSection(SolutionProperties) = preSolution
		HideSolutionNode = FALSE
	EndGlobalSection
	GlobalSection(ExtensibilityGlobals) = postSolution
		SolutionGuid = {CB518203-973C-4D41-B444-7D2461CE560D}
	EndGlobalSection
EndGlobal
